{
  "nodes": {
    "completion-nvim": {
      "flake": false,
      "locked": {
        "lastModified": 1634068787,
        "narHash": "sha256-6um9dye0MLY8K8AAsDksCpy1KbMNSdMuj+zKteSAxR4=",
        "owner": "nvim-lua",
        "repo": "completion-nvim",
        "rev": "87b0f86da3dffef63b42845049c648b5d90f1c4d",
        "type": "github"
      },
      "original": {
        "owner": "nvim-lua",
        "repo": "completion-nvim",
        "type": "github"
      }
    },
    "editorconfig-vim": {
      "flake": false,
      "locked": {
        "lastModified": 1773621674,
        "narHash": "sha256-IBxOxw9Rg5P6Oa/jIcgxKYgB9pZQe9hpy3PEyzWU2IE=",
        "owner": "editorconfig",
        "repo": "editorconfig-vim",
        "rev": "c0227885a06b155d5aa5465e08b9800e8c939f70",
        "type": "github"
      },
      "original": {
        "owner": "editorconfig",
        "repo": "editorconfig-vim",
        "type": "github"
      }
    },
    "flake-parts": {
      "inputs": {
        "nixpkgs-lib": [
          "neovim-nightly-overlay",
          "nixpkgs"
        ]
      },
      "locked": {
        "lastModified": 1775087534,
        "narHash": "sha256-91qqW8lhL7TLwgQWijoGBbiD4t7/q75KTi8NxjVmSmA=",
        "owner": "hercules-ci",
        "repo": "flake-parts",
        "rev": "3107b77cd68437b9a76194f0f7f9c55f2329ca5b",
        "type": "github"
      },
      "original": {
        "owner": "hercules-ci",
        "repo": "flake-parts",
        "type": "github"
      }
    },
    "fugitive": {
      "flake": false,
      "locked": {
        "lastModified": 1772910953,
        "narHash": "sha256-vXSOXq3Tj5g0jUwQEZ0RRlon1OEX+jv1dgofUl4QcQg=",
        "owner": "tpope",
        "repo": "vim-fugitive",
        "rev": "3b753cf8c6a4dcde6edee8827d464ba9b8c4a6f0",
        "type": "github"
      },
      "original": {
        "owner": "tpope",
        "repo": "vim-fugitive",
        "type": "github"
      }
    },
    "gruvbox": {
      "flake": false,
      "locked": {
        "lastModified": 1745139741,
        "narHash": "sha256-fmX4WuD25BaaJBZCcUyrtgq1a39tVpxLe3KE72dcQT4=",
        "owner": "morhetz",
        "repo": "gruvbox",
        "rev": "697c00291db857ca0af00ec154e5bd514a79191f",
        "type": "github"
      },
      "original": {
        "owner": "morhetz",
        "repo": "gruvbox",
        "type": "github"
      }
    },
    "indent-blankline-nvim": {
      "flake": false,
      "locked": {
        "lastModified": 1771288550,
        "narHash": "sha256-Vc79ff416uJFqKH8zlM1y208SxaQGpQPqGVbiz5Vflg=",
        "owner": "lukas-reineke",
        "repo": "indent-blankline.nvim",
        "rev": "d28a3f70721c79e3c5f6693057ae929f3d9c0a03",
        "type": "github"
      },
      "original": {
        "owner": "lukas-reineke",
        "repo": "indent-blankline.nvim",
        "type": "github"
      }
    },
    "indentline": {
      "flake": false,
      "locked": {
        "lastModified": 1689299857,
        "narHash": "sha256-l73H6AtnunKkGw/XXql4GtrADJ6fx9vJWzyFZOzbuTw=",
        "owner": "Yggdroot",
        "repo": "indentLine",
        "rev": "b96a75985736da969ac38b72a7716a8c57bdde98",
        "type": "github"
      },
      "original": {
        "owner": "Yggdroot",
        "repo": "indentLine",
        "type": "github"
      }
    },
    "lightline-vim": {
      "flake": false,
      "locked": {
        "lastModified": 1735564432,
        "narHash": "sha256-bNOp5CFD1+bkAgjxggiPQb6pOK3xBIlUd/WROZoNph0=",
        "owner": "itchyny",
        "repo": "lightline.vim",
        "rev": "e358557e1a9f9fc860416c8eb2e34c0404078155",
        "type": "github"
      },
      "original": {
        "owner": "itchyny",
        "repo": "lightline.vim",
        "type": "github"
      }
    },
    "neovim-nightly-overlay": {
      "inputs": {
        "flake-parts": "flake-parts",
        "neovim-src": "neovim-src",
        "nixpkgs": "nixpkgs"
      },
      "locked": {
        "lastModified": 1775628196,
        "narHash": "sha256-C9H4CHXo/yMEiYYi2BcUwCreCOqsF1DaMR2gimduPNE=",
        "owner": "nix-community",
        "repo": "neovim-nightly-overlay",
        "rev": "79ca5eedb2f68e2681eba7523acd43a12c3225d1",
        "type": "github"
      },
      "original": {
        "owner": "nix-community",
        "repo": "neovim-nightly-overlay",
        "type": "github"
      }
    },
    "neovim-src": {
      "flake": false,
      "locked": {
        "lastModified": 1775605133,
        "narHash": "sha256-QBi9quAM8C1ja7pu/lOZPkOP57/sbjA5Q+JJ/yNR81o=",
        "owner": "neovim",
        "repo": "neovim",
        "rev": "de674491800c0ecb6f6658512829a3d21c47fe5f",
        "type": "github"
      },
      "original": {
        "owner": "neovim",
        "repo": "neovim",
        "type": "github"
      }
    },
    "nixpkgs": {
      "locked": {
        "lastModified": 1775579569,
        "narHash": "sha256-/m3yyS/EnXqoPGBJYVy4jTOsirdgsEZ3JdN2gGkBr14=",
        "owner": "NixOS",
        "repo": "nixpkgs",
        "rev": "dfd9566f82a6e1d55c30f861879186440614696e",
        "type": "github"
      },
      "original": {
        "owner": "NixOS",
        "ref": "nixpkgs-unstable",
        "repo": "nixpkgs",
        "type": "github"
      }
    },
    "nixpkgs_2": {
      "locked": {
        "lastModified": 1775608838,
        "narHash": "sha256-2ySoGH+SAi34U0PeuQgABC0WiH9LQ3tkyHTiE93KUeg=",
        "owner": "nixos",
        "repo": "nixpkgs",
        "rev": "9a01fad67a57e44e1b3e1d905c6881bcfb209e8a",
        "type": "github"
      },
      "original": {
        "owner": "nixos",
        "ref": "nixpkgs-unstable",
        "repo": "nixpkgs",
        "type": "github"
      }
    },
    "nord-vim": {
      "flake": false,
      "locked": {
        "lastModified": 1683146605,
        "narHash": "sha256-P4fbRNeJjXOoAQiWXXHZhm4ejgMD8W7OkdEF4TpEc7g=",
        "owner": "arcticicestudio",
        "repo": "nord-vim",
        "rev": "f13f5dfbb784deddbc1d8195f34dfd9ec73e2295",
        "type": "github"
      },
      "original": {
        "owner": "arcticicestudio",
        "repo": "nord-vim",
        "type": "github"
      }
    },
    "nvim-blame-line": {
      "flake": false,
      "locked": {
        "lastModified": 1773855196,
        "narHash": "sha256-TiAzbGs2SDPwoMzrIc1Jvgh5h2HRNnANQAKiFkggCv0=",
        "owner": "tveskag",
        "repo": "nvim-blame-line",
        "rev": "3557accc98e57a2b2139cc597d9611dd47e00eb1",
        "type": "github"
      },
      "original": {
        "owner": "tveskag",
        "repo": "nvim-blame-line",
        "type": "github"
      }
    },
    "nvim-dap": {
      "flake": false,
      "locked": {
        "lastModified": 1775453214,
        "narHash": "sha256-9NF0+QoHOEAg6pd+oRBxr3ExWLqbvRrIMoMSZvNdqX4=",
        "owner": "mfussenegger",
        "repo": "nvim-dap",
        "rev": "45a69eba683a2c448dd9ecfc4de89511f0646b5f",
        "type": "github"
      },
      "original": {
        "owner": "mfussenegger",
        "repo": "nvim-dap",
        "type": "github"
      }
    },
    "nvim-dap-virtual-text": {
      "flake": false,
      "locked": {
        "lastModified": 1748181918,
        "narHash": "sha256-8hsk+EwnvoHCNhb0dcL9e4hQg9I+t/5Cy9ZoZgcz4fU=",
        "owner": "theHamsta",
        "repo": "nvim-dap-virtual-text",
        "rev": "fbdb48c2ed45f4a8293d0d483f7730d24467ccb6",
        "type": "github"
      },
      "original": {
        "owner": "theHamsta",
        "repo": "nvim-dap-virtual-text",
        "type": "github"
      }
    },
    "nvim-lightbulb": {
      "flake": false,
      "locked": {
        "lastModified": 1775174298,
        "narHash": "sha256-WHJ/MV4xKl4Unpxyxxj5j9qbxE0gP0pWe6eVXB4CGvg=",
        "owner": "kosayoda",
        "repo": "nvim-lightbulb",
        "rev": "e974b1a93c917c840545f51b9a66cfd72c520522",
        "type": "github"
      },
      "original": {
        "owner": "kosayoda",
        "repo": "nvim-lightbulb",
        "type": "github"
      }
    },
    "nvim-lspconfig": {
      "flake": false,
      "locked": {
        "lastModified": 1775518939,
        "narHash": "sha256-6OeEryy3t1EIYXwSt1Q8rM/3pwLEEqdX6aKmJIfr0bs=",
        "owner": "neovim",
        "repo": "nvim-lspconfig",
        "rev": "bedca8b426b2fee0ccac596d167d71bbe971253f",
        "type": "github"
      },
      "original": {
        "owner": "neovim",
        "repo": "nvim-lspconfig",
        "type": "github"
      }
    },
    "nvim-telescope": {
      "flake": false,
      "locked": {
        "lastModified": 1775540441,
        "narHash": "sha256-MvEU42NmsuaVBXFoz7Mg3InpcrfeAkl/JXnTI5Vuerk=",
        "owner": "nvim-telescope",
        "repo": "telescope.nvim",
        "rev": "7ef4d6dccb78ee71e552bbd866176762ad328afa",
        "type": "github"
      },
      "original": {
        "owner": "nvim-telescope",
        "repo": "telescope.nvim",
        "type": "github"
      }
    },
    "nvim-tree-lua": {
      "flake": false,
      "locked": {
        "lastModified": 1775524152,
        "narHash": "sha256-EI2oVvj4YmwNf3jjLG8u0bRdj3v4L7ko1noufbf1RyA=",
        "owner": "kyazdani42",
        "repo": "nvim-tree.lua",
        "rev": "509962f21ab7289d8dcd28568af539be39a8c01e",
        "type": "github"
      },
      "original": {
        "owner": "kyazdani42",
        "repo": "nvim-tree.lua",
        "type": "github"
      }
    },
    "nvim-treesitter": {
      "flake": false,
      "locked": {
        "lastModified": 1775221900,
        "narHash": "sha256-PQR6tFt4lCrAZNQG7BLMD1IiCKja9wDS1S4laGJf/HE=",
        "owner": "nvim-treesitter",
        "repo": "nvim-treesitter",
        "rev": "4916d6592ede8c07973490d9322f187e07dfefac",
        "type": "github"
      },
      "original": {
        "owner": "nvim-treesitter",
        "repo": "nvim-treesitter",
        "type": "github"
      }
    },
    "nvim-treesitter-context": {
      "flake": false,
      "locked": {
        "lastModified": 1775123354,
        "narHash": "sha256-K4o+iJY8+D0PRvRvXuBqX2q3fwxizAPp/FFpm0O0I9E=",
        "owner": "romgrk",
        "repo": "nvim-treesitter-context",
        "rev": "b0c45cefe2c8f7b55fc46f34e563bc428ef99636",
        "type": "github"
      },
      "original": {
        "owner": "romgrk",
        "repo": "nvim-treesitter-context",
        "type": "github"
      }
    },
    "nvim-web-devicons": {
      "flake": false,
      "locked": {
        "lastModified": 1775536861,
        "narHash": "sha256-An00jigRx38fNPDZkIqZIaSCO+X3E1IlVPJ4a+R21zA=",
        "owner": "kyazdani42",
        "repo": "nvim-web-devicons",
        "rev": "95b7a002d5dba1a42eb58f5fac5c565a485eefd0",
        "type": "github"
      },
      "original": {
        "owner": "kyazdani42",
        "repo": "nvim-web-devicons",
        "type": "github"
      }
    },
    "nvim-which-key": {
      "flake": false,
      "locked": {
        "lastModified": 1761664528,
        "narHash": "sha256-rKaYnXM4gRkkF/+xIFm2oCZwtAU6CeTdRWU93N+Jmbc=",
        "owner": "folke",
        "repo": "which-key.nvim",
        "rev": "3aab2147e74890957785941f0c1ad87d0a44c15a",
        "type": "github"
      },
      "original": {
        "owner": "folke",
        "repo": "which-key.nvim",
        "type": "github"
      }
    },
    "plenary-nvim": {
      "flake": false,
      "locked": {
        "lastModified": 1753570668,
        "narHash": "sha256-9Un7ekhBxcnmFE1xjCCFTZ7eqIbmXvQexpnhduAg4M0=",
        "owner": "nvim-lua",
        "repo": "plenary.nvim",
        "rev": "b9fd5226c2f76c951fc8ed5923d85e4de065e509",
        "type": "github"
      },
      "original": {
        "owner": "nvim-lua",
        "repo": "plenary.nvim",
        "type": "github"
      }
    },
    "popup-nvim": {
      "flake": false,
      "locked": {
        "lastModified": 1637254091,
        "narHash": "sha256-dNWz/xovUg55fDZUpVs/2kLphk3lqQyvPtc9ATwbeSQ=",
        "owner": "nvim-lua",
        "repo": "popup.nvim",
        "rev": "b7404d35d5d3548a82149238289fa71f7f6de4ac",
        "type": "github"
      },
      "original": {
        "owner": "nvim-lua",
        "repo": "popup.nvim",
        "type": "github"
      }
    },
    "root": {
      "inputs": {
        "completion-nvim": "completion-nvim",
        "editorconfig-vim": "editorconfig-vim",
        "fugitive": "fugitive",
        "gruvbox": "gruvbox",
        "indent-blankline-nvim": "indent-blankline-nvim",
        "indentline": "indentline",
        "lightline-vim": "lightline-vim",
        "neovim-nightly-overlay": "neovim-nightly-overlay",
        "nixpkgs": "nixpkgs_2",
        "nord-vim": "nord-vim",
        "nvim-blame-line": "nvim-blame-line",
        "nvim-dap": "nvim-dap",
        "nvim-dap-virtual-text": "nvim-dap-virtual-text",
        "nvim-lightbulb": "nvim-lightbulb",
        "nvim-lspconfig": "nvim-lspconfig",
        "nvim-telescope": "nvim-telescope",
        "nvim-tree-lua": "nvim-tree-lua",
        "nvim-treesitter": "nvim-treesitter",
        "nvim-treesitter-context": "nvim-treesitter-context",
        "nvim-web-devicons": "nvim-web-devicons",
        "nvim-which-key": "nvim-which-key",
        "plenary-nvim": "plenary-nvim",
        "popup-nvim": "popup-nvim",
        "telescope-dap": "telescope-dap",
        "vim-cursorword": "vim-cursorword",
        "vim-nix": "vim-nix",
        "vim-startify": "vim-startify",
        "vim-test": "vim-test",
        "vimagit": "vimagit"
      }
    },
    "telescope-dap": {
      "flake": false,
      "locked": {
        "lastModified": 1730752068,
        "narHash": "sha256-MRs8s4dfS59V0CCu7CHIqrz35RV4OC1X69lxPLTa+98=",
        "owner": "nvim-telescope",
        "repo": "telescope-dap.nvim",
        "rev": "783366bd6c1e7fa0a5c59c07db37f49c805a28df",
        "type": "github"
      },
      "original": {
        "owner": "nvim-telescope",
        "repo": "telescope-dap.nvim",
        "type": "github"
      }
    },
    "vim-cursorword": {
      "flake": false,
      "locked": {
        "lastModified": 1668679514,
        "narHash": "sha256-JbfasdABxMIG3RRxOuesHaVlQsniNOFdYARVaWJSJos=",
        "owner": "itchyny",
        "repo": "vim-cursorword",
        "rev": "371fdd7fa8817c28aa09d181cfcfa3c7ca29bf56",
        "type": "github"
      },
      "original": {
        "owner": "itchyny",
        "repo": "vim-cursorword",
        "type": "github"
      }
    },
    "vim-nix": {
      "flake": false,
      "locked": {
        "lastModified": 1738443453,
        "narHash": "sha256-Hmn8EVlvMQnQF8COeb89cgl5+A83kagOjGsmvm5WNoE=",
        "owner": "LnL7",
        "repo": "vim-nix",
        "rev": "7235c7ce2cea530cb6b59bc3e46d4bfe917d15c8",
        "type": "github"
      },
      "original": {
        "owner": "LnL7",
        "repo": "vim-nix",
        "type": "github"
      }
    },
    "vim-startify": {
      "flake": false,
      "locked": {
        "lastModified": 1695213983,
        "narHash": "sha256-W5N/Dqxf9hSXEEJsrEkXInFwBXNBJe9Dzx9TVS12mPk=",
        "owner": "mhinz",
        "repo": "vim-startify",
        "rev": "4e089dffdad46f3f5593f34362d530e8fe823dcf",
        "type": "github"
      },
      "original": {
        "owner": "mhinz",
        "repo": "vim-startify",
        "type": "github"
      }
    },
    "vim-test": {
      "flake": false,
      "locked": {
        "lastModified": 1775231207,
        "narHash": "sha256-QToy41+7UAKYtWRUkAtqBgvHc9vrQyRg+vXSDceYD6g=",
        "owner": "vim-test",
        "repo": "vim-test",
        "rev": "6eb2e5e7b32c321d373d2954199f4510be804713",
        "type": "github"
      },
      "original": {
        "owner": "vim-test",
        "repo": "vim-test",
        "type": "github"
      }
    },
    "vimagit": {
      "flake": false,
      "locked": {
        "lastModified": 1711657676,
        "narHash": "sha256-HievBzyVZke4AyCWAL9MlOw65X460cEEeOhwAL2brzs=",
        "owner": "jreybert",
        "repo": "vimagit",
        "rev": "fc7eda97da4f8182c8abbe6ea7befbd789b8b935",
        "type": "github"
      },
      "original": {
        "owner": "jreybert",
        "repo": "vimagit",
        "type": "github"
      }
    }
  },
  "root": "root",
  "version": 7
}
